
Microsoft Visual Studio Solution File, Format Version 12.00
# Visual Studio Version 16
VisualStudioVersion = 16.0.29503.13
MinimumVisualStudioVersion = 10.0.40219.1
Project("{FAE04EC0-301F-11D3-BF4B-00C04F79EFBC}") = "EvidenceExam", "EvidenceExam.csproj", "{0C793419-2A7C-4857-B37F-C8456CACFB77}"
EndProject
Global
	GlobalSection(SolutionConfigurationPlatforms) = preSolution
		Debug|Any CPU = Debug|Any CPU
		Release|Any CPU = Release|Any CPU
	EndGlobalSection
	GlobalSection(ProjectConfigurationPlatforms) = postSolution
		{0C793419-2A7C-4857-B37F-C8456CACFB77}.Debug|Any CPU.ActiveCfg = Debug|Any CPU
		{0C793419-2A7C-4857-B37F-C8456CACFB77}.Debug|Any CPU.Build.0 = Debug|Any CPU
		{0C793419-2A7C-4857-B37F-C8456CACFB77}.Release|Any CPU.ActiveCfg = Release|Any CPU
		{0C793419-2A7C-4857-B37F-C8456CACFB77}.Release|Any CPU.Build.0 = Release|Any CPU
	EndGlobalSection
	GlobalSection(SolutionProperties) = preSolution
		HideSolutionNode = FALSE
	EndGlobalSection
	GlobalSection(ExtensibilityGlobals) = postSolution
		SolutionGuid = {DF39C610-0D23-4B3B-8AB6-8D97F32CBF69}
	EndGlobalSection
EndGlobal
